// !$*UTF8*$!
{
	archiveVersion = 1;
	classes = {
	};
	objectVersion = 50;
	objects = {

/* Begin PBXBuildFile section */
		6937250324AD284300376504 /* StorageManager.swift in Sources */ = {isa = PBXBuildFile; fileRef = 6937250224AD284300376504 /* StorageManager.swift */; };
		69DA6F7824AD1B9300DC674A /* AppDelegate.swift in Sources */ = {isa = PBXBuildFile; fileRef = 69DA6F7724AD1B9300DC674A /* AppDelegate.swift */; };
		69DA6F7C24AD1B9300DC674A /* TaskListViewController.swift in Sources */ = {isa = PBXBuildFile; fileRef = 69DA6F7B24AD1B9300DC674A /* TaskListViewController.swift */; };
		69DA6F8224AD1B9300DC674A /* vitata_HW2_13.xcdatamodeld in Sources */ = {isa = PBXBuildFile; fileRef = 69DA6F8024AD1B9300DC674A /* vitata_HW2_13.xcdatamodeld */; };
		69DA6F8424AD1B9600DC674A /* Assets.xcassets in Resources */ = {isa = PBXBuildFile; fileRef = 69DA6F8324AD1B9600DC674A /* Assets.xcassets */; };
		69DA6F8724AD1B9600DC674A /* LaunchScreen.storyboard in Resources */ = {isa = PBXBuildFile; fileRef = 69DA6F8524AD1B9600DC674A /* LaunchScreen.storyboard */; };
/* End PBXBuildFile section */

/* Begin PBXFileReference section */
		6937250224AD284300376504 /* StorageManager.swift */ = {isa = PBXFileReference; lastKnownFileType = sourcecode.swift; path = StorageManager.swift; sourceTree = "<group>"; };
		69DA6F7424AD1B9300DC674A /* vitata_HW2.13.app */ = {isa = PBXFileReference; explicitFileType = wrapper.application; includeInIndex = 0; path = vitata_HW2.13.app; sourceTree = BUILT_PRODUCTS_DIR; };
		69DA6F7724AD1B9300DC674A /* AppDelegate.swift */ = {isa = PBXFileReference; lastKnownFileType = sourcecode.swift; path = AppDelegate.swift; sourceTree = "<group>"; };
		69DA6F7B24AD1B9300DC674A /* TaskListViewController.swift */ = {isa = PBXFileReference; lastKnownFileType = sourcecode.swift; path = TaskListViewController.swift; sourceTree = "<group>"; };
		69DA6F8124AD1B9300DC674A /* vitata_HW2_13.xcdatamodel */ = {isa = PBXFileReference; lastKnownFileType = wrapper.xcdatamodel; path = vitata_HW2_13.xcdatamodel; sourceTree = "<group>"; };
		69DA6F8324AD1B9600DC674A /* Assets.xcassets */ = {isa = PBXFileReference; lastKnownFileType = folder.assetcatalog; path = Assets.xcassets; sourceTree = "<group>"; };
		69DA6F8624AD1B9600DC674A /* Base */ = {isa = PBXFileReference; lastKnownFileType = file.storyboard; name = Base; path = Base.lproj/LaunchScreen.storyboard; sourceTree = "<group>"; };
		69DA6F8824AD1B9600DC674A /* Info.plist */ = {isa = PBXFileReference; lastKnownFileType = text.plist.xml; path = Info.plist; sourceTree = "<group>"; };
/* End PBXFileReference section */

/* Begin PBXFrameworksBuildPhase section */
		69DA6F7124AD1B9300DC674A /* Frameworks */ = {
			isa = PBXFrameworksBuildPhase;
			buildActionMask = 2147483647;
			files = (
			);
			runOnlyForDeploymentPostprocessing = 0;
		};
/* End PBXFrameworksBuildPhase section */

/* Begin PBXGroup section */
		69DA6F6B24AD1B9300DC674A = {
			isa = PBXGroup;
			children = (
				69DA6F7624AD1B9300DC674A /* vitata_HW2.13 */,
				69DA6F7524AD1B9300DC674A /* Products */,
			);
			sourceTree = "<group>";
		};
		69DA6F7524AD1B9300DC674A /* Products */ = {
			isa = PBXGroup;
			children = (
				69DA6F7424AD1B9300DC674A /* vitata_HW2.13.app */,
			);
			name = Products;
			sourceTree = "<group>";
		};
		69DA6F7624AD1B9300DC674A /* vitata_HW2.13 */ = {
			isa = PBXGroup;
			children = (
				69DA6F7724AD1B9300DC674A /* AppDelegate.swift */,
				69DA6F7B24AD1B9300DC674A /* TaskListViewController.swift */,
				69DA6F8324AD1B9600DC674A /* Assets.xcassets */,
				69DA6F8524AD1B9600DC674A /* LaunchScreen.storyboard */,
				69DA6F8824AD1B9600DC674A /* Info.plist */,
				69DA6F8024AD1B9300DC674A /* vitata_HW2_13.xcdatamodeld */,
				6937250224AD284300376504 /* StorageManager.swift */,
			);
			path = vitata_HW2.13;
			sourceTree = "<group>";
		};
/* End PBXGroup section */

/* Begin PBXNativeTarget section */
		69DA6F7324AD1B9300DC674A /* vitata_HW2.13 */ = {
			isa = PBXNativeTarget;
			buildConfigurationList = 69DA6F8B24AD1B9700DC674A /* Build configuration list for PBXNativeTarget "vitata_HW2.13" */;
			buildPhases = (
				69DA6F7024AD1B9300DC674A /* Sources */,
				69DA6F7124AD1B9300DC674A /* Frameworks */,
				69DA6F7224AD1B9300DC674A /* Resources */,
			);
			buildRules = (
			);
			dependencies = (
			);
			name = vitata_HW2.13;
			productName = vitata_HW2.13;
			productReference = 69DA6F7424AD1B9300DC674A /* vitata_HW2.13.app */;
			productType = "com.apple.product-type.application";
		};
/* End PBXNativeTarget section */

/* Begin PBXProject section */
		69DA6F6C24AD1B9300DC674A /* Project object */ = {
			isa = PBXProject;
			attributes = {
				LastSwiftUpdateCheck = 1200;
				LastUpgradeCheck = 1200;
				TargetAttributes = {
					69DA6F7324AD1B9300DC674A = {
						CreatedOnToolsVersion = 12.0;
					};
				};
			};
			buildConfigurationList = 69DA6F6F24AD1B9300DC674A /* Build configuration list for PBXProject "vitata_HW2.13" */;
			compatibilityVersion = "Xcode 9.3";
			developmentRegion = en;
			hasScannedForEncodings = 0;
			knownRegions = (
				en,
				Base,
			);
			mainGroup = 69DA6F6B24AD1B9300DC674A;
			productRefGroup = 69DA6F7524AD1B9300DC674A /* Products */;
			projectDirPath = "";
			projectRoot = "";
			targets = (
				69DA6F7324AD1B9300DC674A /* vitata_HW2.13 */,
			);
		};
/* End PBXProject section */

/* Begin PBXResourcesBuildPhase section */
		69DA6F7224AD1B9300DC674A /* Resources */ = {
			isa = PBXResourcesBuildPhase;
			buildActionMask = 2147483647;
			files = (
				69DA6F8724AD1B9600DC674A /* LaunchScreen.storyboard in Resources */,
				69DA6F8424AD1B9600DC674A /* Assets.xcassets in Resources */,
			);
			runOnlyForDeploymentPostprocessing = 0;
		};
/* End PBXResourcesBuildPhase section */

/* Begin PBXSourcesBuildPhase section */
		69DA6F7024AD1B9300DC674A /* Sources */ = {
			isa = PBXSourcesBuildPhase;
			buildActionMask = 2147483647;
			files = (
				69DA6F7C24AD1B9300DC674A /* TaskListViewController.swift in Sources */,
				6937250324AD284300376504 /* StorageManager.swift in Sources */,
				69DA6F7824AD1B9300DC674A /* AppDelegate.swift in Sources */,
				69DA6F8224AD1B9300DC674A /* vitata_HW2_13.xcdatamodeld in Sources */,
			);
			runOnlyForDeploymentPostprocessing = 0;
		};
/* End PBXSourcesBuildPhase section */

/* Begin PBXVariantGroup section */
		69DA6F8524AD1B9600DC674A /* LaunchScreen.storyboard */ = {
			isa = PBXVariantGroup;
			children = (
				69DA6F8624AD1B9600DC674A /* Base */,
			);
			name = LaunchScreen.storyboard;
			sourceTree = "<group>";
		};
/* End PBXVariantGroup section */

/* Begin XCBuildConfiguration section */
		69DA6F8924AD1B9600DC674A /* Debug */ = {
			isa = XCBuildConfiguration;
			buildSettings = {
				ALWAYS_SEARCH_USER_PATHS = NO;
				CLANG_ANALYZER_NONNULL = YES;
				CLANG_ANALYZER_NUMBER_OBJECT_CONVERSION = YES_AGGRESSIVE;
				CLANG_CXX_LANGUAGE_STANDARD = "gnu++14";
				CLANG_CXX_LIBRARY = "libc++";
				CLANG_ENABLE_MODULES = YES;
				CLANG_ENABLE_OBJC_ARC = YES;
				CLANG_ENABLE_OBJC_WEAK = YES;
				CLANG_WARN_BLOCK_CAPTURE_AUTORELEASING = YES;
				CLANG_WARN_BOOL_CONVERSION = YES;
				CLANG_WARN_COMMA = YES;
				CLANG_WARN_CONSTANT_CONVERSION = YES;
				CLANG_WARN_DEPRECATED_OBJC_IMPLEMENTATIONS = YES;
				CLANG_WARN_DIRECT_OBJC_ISA_USAGE = YES_ERROR;
				CLANG_WARN_DOCUMENTATION_COMMENTS = YES;
				CLANG_WARN_EMPTY_BODY = YES;
				CLANG_WARN_ENUM_CONVERSION = YES;
				CLANG_WARN_INFINITE_RECURSION = YES;
				CLANG_WARN_INT_CONVERSION = YES;
				CLANG_WARN_NON_LITERAL_NULL_CONVERSION = YES;
				CLANG_WARN_OBJC_IMPLICIT_RETAIN_SELF = YES;
				CLANG_WARN_OBJC_LITERAL_CONVERSION = YES;
				CLANG_WARN_OBJC_ROOT_CLASS = YES_ERROR;
				CLANG_WARN_QUOTED_INCLUDE_IN_FRAMEWORK_HEADER = YES;
				CLANG_WARN_RANGE_LOOP_ANALYSIS = YES;
				CLANG_WARN_STRICT_PROTOTYPES = YES;
				CLANG_WARN_SUSPICIOUS_MOVE = YES;
				CLANG_WARN_UNGUARDED_AVAILABILITY = YES_AGGRESSIVE;
				CLANG_WARN_UNREACHABLE_CODE = YES;
				CLANG_WARN__DUPLICATE_METHOD_MATCH = YES;
				COPY_PHASE_STRIP = NO;
				DEBUG_INFORMATION_FORMAT = dwarf;
				ENABLE_STRICT_OBJC_MSGSEND = YES;
				ENABLE_TESTABILITY = YES;
				GCC_C_LANGUAGE_STANDARD = gnu11;
				GCC_DYNAMIC_NO_PIC = NO;
				GCC_NO_COMMON_BLOCKS = YES;
				GCC_OPTIMIZATION_LEVEL = 0;
				GCC_PREPROCESSOR_DEFINITIONS = (
					"DEBUG=1",
					"$(inherited)",
				);
				GCC_WARN_64_TO_32_BIT_CONVERSION = YES;
				GCC_WARN_ABOUT_RETURN_TYPE = YES_ERROR;
				GCC_WARN_UNDECLARED_SELECTOR = YES;
				GCC_WARN_UNINITIALIZED_AUTOS = YES_AGGRESSIVE;
				GCC_WARN_UNUSED_FUNCTION = YES;
				GCC_WARN_UNUSED_VARIABLE = YES;
				IPHONEOS_DEPLOYMENT_TARGET = 14.0;
				MTL_ENABLE_DEBUG_INFO = INCLUDE_SOURCE;
				MTL_FAST_MATH = YES;
				ONLY_ACTIVE_ARCH = YES;
				SDKROOT = iphoneos;
				SWIFT_ACTIVE_COMPILATION_CONDITIONS = DEBUG;
				SWIFT_OPTIMIZATION_LEVEL = "-Onone";
			};
			name = Debug;
		};
		69DA6F8A24AD1B9600DC674A /* Release */ = {
			isa = XCBuildConfiguration;
			buildSettings = {
				ALWAYS_SEARCH_USER_PATHS = NO;
				CLANG_ANALYZER_NONNULL = YES;
				CLANG_ANALYZER_NUMBER_OBJECT_CONVERSION = YES_AGGRESSIVE;
				CLANG_CXX_LANGUAGE_STANDARD = "gnu++14";
				CLANG_CXX_LIBRARY = "libc++";
				CLANG_ENABLE_MODULES = YES;
				CLANG_ENABLE_OBJC_ARC = YES;
				CLANG_ENABLE_OBJC_WEAK = YES;
				CLANG_WARN_BLOCK_CAPTURE_AUTORELEASING = YES;
				CLANG_WARN_BOOL_CONVERSION = YES;
				CLANG_WARN_COMMA = YES;
				CLANG_WARN_CONSTANT_CONVERSION = YES;
				CLANG_WARN_DEPRECATED_OBJC_IMPLEMENTATIONS = YES;
				CLANG_WARN_DIRECT_OBJC_ISA_USAGE = YES_ERROR;
				CLANG_WARN_DOCUMENTATION_COMMENTS = YES;
				CLANG_WARN_EMPTY_BODY = YES;
				CLANG_WARN_ENUM_CONVERSION = YES;
				CLANG_WARN_INFINITE_RECURSION = YES;
				CLANG_WARN_INT_CONVERSION = YES;
				CLANG_WARN_NON_LITERAL_NULL_CONVERSION = YES;
				CLANG_WARN_OBJC_IMPLICIT_RETAIN_SELF = YES;
				CLANG_WARN_OBJC_LITERAL_CONVERSION = YES;
				CLANG_WARN_OBJC_ROOT_CLASS = YES_ERROR;
				CLANG_WARN_QUOTED_INCLUDE_IN_FRAMEWORK_HEADER = YES;
				CLANG_WARN_RANGE_LOOP_ANALYSIS = YES;
				CLANG_WARN_STRICT_PROTOTYPES = YES;
				CLANG_WARN_SUSPICIOUS_MOVE = YES;
				CLANG_WARN_UNGUARDED_AVAILABILITY = YES_AGGRESSIVE;
				CLANG_WARN_UNREACHABLE_CODE = YES;
				CLANG_WARN__DUPLICATE_METHOD_MATCH = YES;
				COPY_PHASE_STRIP = NO;
				DEBUG_INFORMATION_FORMAT = "dwarf-with-dsym";
				ENABLE_NS_ASSERTIONS = NO;
				ENABLE_STRICT_OBJC_MSGSEND = YES;
				GCC_C_LANGUAGE_STANDARD = gnu11;
				GCC_NO_COMMON_BLOCKS = YES;
				GCC_WARN_64_TO_32_BIT_CONVERSION = YES;
				GCC_WARN_ABOUT_RETURN_TYPE = YES_ERROR;
				GCC_WARN_UNDECLARED_SELECTOR = YES;
				GCC_WARN_UNINITIALIZED_AUTOS = YES_AGGRESSIVE;
				GCC_WARN_UNUSED_FUNCTION = YES;
				GCC_WARN_UNUSED_VARIABLE = YES;
				IPHONEOS_DEPLOYMENT_TARGET = 14.0;
				MTL_ENABLE_DEBUG_INFO = NO;
				MTL_FAST_MATH = YES;
				SDKROOT = iphoneos;
				SWIFT_COMPILATION_MODE = wholemodule;
				SWIFT_OPTIMIZATION_LEVEL = "-O";
				VALIDATE_PRODUCT = YES;
			};
			name = Release;
		};
		69DA6F8C24AD1B9700DC674A /* Debug */ = {
			isa = XCBuildConfiguration;
			buildSettings = {
				ASSETCATALOG_COMPILER_APPICON_NAME = AppIcon;
				ASSETCATALOG_COMPILER_GLOBAL_ACCENT_COLOR_NAME = AccentColor;
				CODE_SIGN_STYLE = Automatic;
				DEVELOPMENT_TEAM = QZC579X3KH;
				INFOPLIST_FILE = vitata_HW2.13/Info.plist;
				IPHONEOS_DEPLOYMENT_TARGET = 13.5;
				LD_RUNPATH_SEARCH_PATHS = (
					"$(inherited)",
					"@executable_path/Frameworks",
				);
				PRODUCT_BUNDLE_IDENTIFIER = "apnet.vitata-HW2-13";
				PRODUCT_NAME = "$(TARGET_NAME)";
				SWIFT_VERSION = 5.0;
				TARGETED_DEVICE_FAMILY = 1;
			};
			name = Debug;
		};
		69DA6F8D24AD1B9700DC674A /* Release */ = {
			isa = XCBuildConfiguration;
			buildSettings = {
				ASSETCATALOG_COMPILER_APPICON_NAME = AppIcon;
				ASSETCATALOG_COMPILER_GLOBAL_ACCENT_COLOR_NAME = AccentColor;
				CODE_SIGN_STYLE = Automatic;
				DEVELOPMENT_TEAM = QZC579X3KH;
				INFOPLIST_FILE = vitata_HW2.13/Info.plist;
				IPHONEOS_DEPLOYMENT_TARGET = 13.5;
				LD_RUNPATH_SEARCH_PATHS = (
					"$(inherited)",
					"@executable_path/Frameworks",
				);
				PRODUCT_BUNDLE_IDENTIFIER = "apnet.vitata-HW2-13";
				PRODUCT_NAME = "$(TARGET_NAME)";
				SWIFT_VERSION = 5.0;
				TARGETED_DEVICE_FAMILY = 1;
			};
			name = Release;
		};
/* End XCBuildConfiguration section */

/* Begin XCConfigurationList section */
		69DA6F6F24AD1B9300DC674A /* Build configuration list for PBXProject "vitata_HW2.13" */ = {
			isa = XCConfigurationList;
			buildConfigurations = (
				69DA6F8924AD1B9600DC674A /* Debug */,
				69DA6F8A24AD1B9600DC674A /* Release */,
			);
			defaultConfigurationIsVisible = 0;
			defaultConfigurationName = Release;
		};
		69DA6F8B24AD1B9700DC674A /* Build configuration list for PBXNativeTarget "vitata_HW2.13" */ = {
			isa = XCConfigurationList;
			buildConfigurations = (
				69DA6F8C24AD1B9700DC674A /* Debug */,
				69DA6F8D24AD1B9700DC674A /* Release */,
			);
			defaultConfigurationIsVisible = 0;
			defaultConfigurationName = Release;
		};
/* End XCConfigurationList section */

/* Begin XCVersionGroup section */
		69DA6F8024AD1B9300DC674A /* vitata_HW2_13.xcdatamodeld */ = {
			isa = XCVersionGroup;
			children = (
				69DA6F8124AD1B9300DC674A /* vitata_HW2_13.xcdatamodel */,
			);
			currentVersion = 69DA6F8124AD1B9300DC674A /* vitata_HW2_13.xcdatamodel */;
			path = vitata_HW2_13.xcdatamodeld;
			sourceTree = "<group>";
			versionGroupType = wrapper.xcdatamodel;
		};
/* End XCVersionGroup section */
	};
	rootObject = 69DA6F6C24AD1B9300DC674A /* Project object */;
}
